
Microsoft Visual Studio Solution File, Format Version 11.00
# Visual Studio 2010
Project("{FAE04EC0-301F-11D3-BF4B-00C04F79EFBC}") = "PConfigUI", "PConfigUI\PConfigUI.csproj", "{9752764F-4BBF-411F-8E12-B8887182F6C9}"
EndProject
Project("{FAE04EC0-301F-11D3-BF4B-00C04F79EFBC}") = "PConfigFacade", "PConfigFacade\PConfigFacade.csproj", "{786DBD78-5F35-4663-A463-9B0A55F09637}"
EndProject
Project("{FAE04EC0-301F-11D3-BF4B-00C04F79EFBC}") = "ProtocolFrame", "ProtocolFrame\ProtocolFrame.csproj", "{EED184AE-D528-4245-B89A-4D29708FB09C}"
EndProject
Project("{FAE04EC0-301F-11D3-BF4B-00C04F79EFBC}") = "PConfigProtocol", "PConfigProtocol\PConfigProtocol.csproj", "{7289B06F-E3D3-4CF5-B2E3-132B2C598525}"
EndProject
Project("{54435603-DBB4-11D2-8724-00A0C9A8B90C}") = "ProbeConfig", "ProbeConfig\ProbeConfig.vdproj", "{F6C80134-9BAC-444C-9FB3-E0A05808B845}"
EndProject
Project("{FAE04EC0-301F-11D3-BF4B-00C04F79EFBC}") = "ConfigFrame", "ConfigFrame\ConfigFrame.csproj", "{03BD87B8-1BD4-4969-9839-4DE7EFA65DE0}"
EndProject
Project("{FAE04EC0-301F-11D3-BF4B-00C04F79EFBC}") = "PConfigBase", "PConfigBase\PConfigBase.csproj", "{01224924-9984-4113-A893-1FF81DC3D1C3}"
EndProject
Global
	GlobalSection(SolutionConfigurationPlatforms) = preSolution
		Debug|Any CPU = Debug|Any CPU
		Debug|Mixed Platforms = Debug|Mixed Platforms
		Debug|x86 = Debug|x86
		Release|Any CPU = Release|Any CPU
		Release|Mixed Platforms = Release|Mixed Platforms
		Release|x86 = Release|x86
	EndGlobalSection
	GlobalSection(ProjectConfigurationPlatforms) = postSolution
		{9752764F-4BBF-411F-8E12-B8887182F6C9}.Debug|Any CPU.ActiveCfg = Debug|x86
		{9752764F-4BBF-411F-8E12-B8887182F6C9}.Debug|Mixed Platforms.ActiveCfg = Debug|x86
		{9752764F-4BBF-411F-8E12-B8887182F6C9}.Debug|Mixed Platforms.Build.0 = Debug|x86
		{9752764F-4BBF-411F-8E12-B8887182F6C9}.Debug|x86.ActiveCfg = Debug|x86
		{9752764F-4BBF-411F-8E12-B8887182F6C9}.Debug|x86.Build.0 = Debug|x86
		{9752764F-4BBF-411F-8E12-B8887182F6C9}.Release|Any CPU.ActiveCfg = Release|x86
		{9752764F-4BBF-411F-8E12-B8887182F6C9}.Release|Mixed Platforms.ActiveCfg = Release|x86
		{9752764F-4BBF-411F-8E12-B8887182F6C9}.Release|Mixed Platforms.Build.0 = Release|x86
		{9752764F-4BBF-411F-8E12-B8887182F6C9}.Release|x86.ActiveCfg = Release|x86
		{9752764F-4BBF-411F-8E12-B8887182F6C9}.Release|x86.Build.0 = Release|x86
		{786DBD78-5F35-4663-A463-9B0A55F09637}.Debug|Any CPU.ActiveCfg = Debug|x86
		{786DBD78-5F35-4663-A463-9B0A55F09637}.Debug|Mixed Platforms.ActiveCfg = Debug|x86
		{786DBD78-5F35-4663-A463-9B0A55F09637}.Debug|Mixed Platforms.Build.0 = Debug|x86
		{786DBD78-5F35-4663-A463-9B0A55F09637}.Debug|x86.ActiveCfg = Debug|x86
		{786DBD78-5F35-4663-A463-9B0A55F09637}.Debug|x86.Build.0 = Debug|x86
		{786DBD78-5F35-4663-A463-9B0A55F09637}.Release|Any CPU.ActiveCfg = Release|x86
		{786DBD78-5F35-4663-A463-9B0A55F09637}.Release|Mixed Platforms.ActiveCfg = Release|x86
		{786DBD78-5F35-4663-A463-9B0A55F09637}.Release|Mixed Platforms.Build.0 = Release|x86
		{786DBD78-5F35-4663-A463-9B0A55F09637}.Release|x86.ActiveCfg = Release|x86
		{786DBD78-5F35-4663-A463-9B0A55F09637}.Release|x86.Build.0 = Release|x86
		{EED184AE-D528-4245-B89A-4D29708FB09C}.Debug|Any CPU.ActiveCfg = Debug|Any CPU
		{EED184AE-D528-4245-B89A-4D29708FB09C}.Debug|Any CPU.Build.0 = Debug|Any CPU
		{EED184AE-D528-4245-B89A-4D29708FB09C}.Debug|Mixed Platforms.ActiveCfg = Debug|Any CPU
		{EED184AE-D528-4245-B89A-4D29708FB09C}.Debug|Mixed Platforms.Build.0 = Debug|Any CPU
		{EED184AE-D528-4245-B89A-4D29708FB09C}.Debug|x86.ActiveCfg = Debug|Any CPU
		{EED184AE-D528-4245-B89A-4D29708FB09C}.Release|Any CPU.ActiveCfg = Release|Any CPU
		{EED184AE-D528-4245-B89A-4D29708FB09C}.Release|Any CPU.Build.0 = Release|Any CPU
		{EED184AE-D528-4245-B89A-4D29708FB09C}.Release|Mixed Platforms.ActiveCfg = Release|Any CPU
		{EED184AE-D528-4245-B89A-4D29708FB09C}.Release|Mixed Platforms.Build.0 = Release|Any CPU
		{EED184AE-D528-4245-B89A-4D29708FB09C}.Release|x86.ActiveCfg = Release|Any CPU
		{7289B06F-E3D3-4CF5-B2E3-132B2C598525}.Debug|Any CPU.ActiveCfg = Debug|Any CPU
		{7289B06F-E3D3-4CF5-B2E3-132B2C598525}.Debug|Any CPU.Build.0 = Debug|Any CPU
		{7289B06F-E3D3-4CF5-B2E3-132B2C598525}.Debug|Mixed Platforms.ActiveCfg = Debug|Any CPU
		{7289B06F-E3D3-4CF5-B2E3-132B2C598525}.Debug|Mixed Platforms.Build.0 = Debug|Any CPU
		{7289B06F-E3D3-4CF5-B2E3-132B2C598525}.Debug|x86.ActiveCfg = Debug|Any CPU
		{7289B06F-E3D3-4CF5-B2E3-132B2C598525}.Release|Any CPU.ActiveCfg = Release|Any CPU
		{7289B06F-E3D3-4CF5-B2E3-132B2C598525}.Release|Any CPU.Build.0 = Release|Any CPU
		{7289B06F-E3D3-4CF5-B2E3-132B2C598525}.Release|Mixed Platforms.ActiveCfg = Release|Any CPU
		{7289B06F-E3D3-4CF5-B2E3-132B2C598525}.Release|Mixed Platforms.Build.0 = Release|Any CPU
		{7289B06F-E3D3-4CF5-B2E3-132B2C598525}.Release|x86.ActiveCfg = Release|Any CPU
		{F6C80134-9BAC-444C-9FB3-E0A05808B845}.Debug|Any CPU.ActiveCfg = Debug
		{F6C80134-9BAC-444C-9FB3-E0A05808B845}.Debug|Mixed Platforms.ActiveCfg = Debug
		{F6C80134-9BAC-444C-9FB3-E0A05808B845}.Debug|x86.ActiveCfg = Debug
		{F6C80134-9BAC-444C-9FB3-E0A05808B845}.Release|Any CPU.ActiveCfg = Release
		{F6C80134-9BAC-444C-9FB3-E0A05808B845}.Release|Mixed Platforms.ActiveCfg = Release
		{F6C80134-9BAC-444C-9FB3-E0A05808B845}.Release|x86.ActiveCfg = Release
		{03BD87B8-1BD4-4969-9839-4DE7EFA65DE0}.Debug|Any CPU.ActiveCfg = Debug|Any CPU
		{03BD87B8-1BD4-4969-9839-4DE7EFA65DE0}.Debug|Any CPU.Build.0 = Debug|Any CPU
		{03BD87B8-1BD4-4969-9839-4DE7EFA65DE0}.Debug|Mixed Platforms.ActiveCfg = Debug|Any CPU
		{03BD87B8-1BD4-4969-9839-4DE7EFA65DE0}.Debug|Mixed Platforms.Build.0 = Debug|Any CPU
		{03BD87B8-1BD4-4969-9839-4DE7EFA65DE0}.Debug|x86.ActiveCfg = Debug|Any CPU
		{03BD87B8-1BD4-4969-9839-4DE7EFA65DE0}.Release|Any CPU.ActiveCfg = Release|Any CPU
		{03BD87B8-1BD4-4969-9839-4DE7EFA65DE0}.Release|Any CPU.Build.0 = Release|Any CPU
		{03BD87B8-1BD4-4969-9839-4DE7EFA65DE0}.Release|Mixed Platforms.ActiveCfg = Release|Any CPU
		{03BD87B8-1BD4-4969-9839-4DE7EFA65DE0}.Release|Mixed Platforms.Build.0 = Release|Any CPU
		{03BD87B8-1BD4-4969-9839-4DE7EFA65DE0}.Release|x86.ActiveCfg = Release|Any CPU
		{01224924-9984-4113-A893-1FF81DC3D1C3}.Debug|Any CPU.ActiveCfg = Debug|Any CPU
		{01224924-9984-4113-A893-1FF81DC3D1C3}.Debug|Any CPU.Build.0 = Debug|Any CPU
		{01224924-9984-4113-A893-1FF81DC3D1C3}.Debug|Mixed Platforms.ActiveCfg = Debug|Any CPU
		{01224924-9984-4113-A893-1FF81DC3D1C3}.Debug|Mixed Platforms.Build.0 = Debug|Any CPU
		{01224924-9984-4113-A893-1FF81DC3D1C3}.Debug|x86.ActiveCfg = Debug|Any CPU
		{01224924-9984-4113-A893-1FF81DC3D1C3}.Release|Any CPU.ActiveCfg = Release|Any CPU
		{01224924-9984-4113-A893-1FF81DC3D1C3}.Release|Any CPU.Build.0 = Release|Any CPU
		{01224924-9984-4113-A893-1FF81DC3D1C3}.Release|Mixed Platforms.ActiveCfg = Release|Any CPU
		{01224924-9984-4113-A893-1FF81DC3D1C3}.Release|Mixed Platforms.Build.0 = Release|Any CPU
		{01224924-9984-4113-A893-1FF81DC3D1C3}.Release|x86.ActiveCfg = Release|Any CPU
	EndGlobalSection
	GlobalSection(SolutionProperties) = preSolution
		HideSolutionNode = FALSE
	EndGlobalSection
EndGlobal
